
Microsoft Visual Studio Solution File, Format Version 12.00
# Visual Studio Version 17
VisualStudioVersion = 17.6.33712.159
MinimumVisualStudioVersion = 10.0.40219.1
Project("{FAE04EC0-301F-11D3-BF4B-00C04F79EFBC}") = "prueba_reynaldo_sabogal", "prueba_reynaldo_sabogal\prueba_reynaldo_sabogal.csproj", "{A9204E08-D5DE-4623-BC19-A857B13B91ED}"
EndProject
Global
	GlobalSection(SolutionConfigurationPlatforms) = preSolution
		Debug|Any CPU = Debug|Any CPU
		Release|Any CPU = Release|Any CPU
	EndGlobalSection
	GlobalSection(ProjectConfigurationPlatforms) = postSolution
		{A9204E08-D5DE-4623-BC19-A857B13B91ED}.Debug|Any CPU.ActiveCfg = Debug|Any CPU
		{A9204E08-D5DE-4623-BC19-A857B13B91ED}.Debug|Any CPU.Build.0 = Debug|Any CPU
		{A9204E08-D5DE-4623-BC19-A857B13B91ED}.Release|Any CPU.ActiveCfg = Release|Any CPU
		{A9204E08-D5DE-4623-BC19-A857B13B91ED}.Release|Any CPU.Build.0 = Release|Any CPU
	EndGlobalSection
	GlobalSection(SolutionProperties) = preSolution
		HideSolutionNode = FALSE
	EndGlobalSection
	GlobalSection(ExtensibilityGlobals) = postSolution
		SolutionGuid = {54CD666E-3F53-4360-9D6B-729EE7D88BAE}
	EndGlobalSection
EndGlobal
